// !$*UTF8*$!
{
	archiveVersion = 1;
	classes = {
	};
	objectVersion = 50;
	objects = {

/* Begin PBXBuildFile section */
		2B701E0722D740AE00D76B3E /* AppDelegate.swift in Sources */ = {isa = PBXBuildFile; fileRef = 2B701E0622D740AE00D76B3E /* AppDelegate.swift */; };
		2B701E0922D740AE00D76B3E /* ViewController.swift in Sources */ = {isa = PBXBuildFile; fileRef = 2B701E0822D740AE00D76B3E /* ViewController.swift */; };
		2B701E0C22D740AE00D76B3E /* Main.storyboard in Resources */ = {isa = PBXBuildFile; fileRef = 2B701E0A22D740AE00D76B3E /* Main.storyboard */; };
		2B701E0E22D740B000D76B3E /* Assets.xcassets in Resources */ = {isa = PBXBuildFile; fileRef = 2B701E0D22D740B000D76B3E /* Assets.xcassets */; };
		2B701E1122D740B000D76B3E /* LaunchScreen.storyboard in Resources */ = {isa = PBXBuildFile; fileRef = 2B701E0F22D740B000D76B3E /* LaunchScreen.storyboard */; };
		2B701E1C22D740B000D76B3E /* CatTests.swift in Sources */ = {isa = PBXBuildFile; fileRef = 2B701E1B22D740B000D76B3E /* CatTests.swift */; };
		2B701E2722D740B000D76B3E /* CatUITests.swift in Sources */ = {isa = PBXBuildFile; fileRef = 2B701E2622D740B000D76B3E /* CatUITests.swift */; };
/* End PBXBuildFile section */

/* Begin PBXContainerItemProxy section */
		2B701E1822D740B000D76B3E /* PBXContainerItemProxy */ = {
			isa = PBXContainerItemProxy;
			containerPortal = 2B701DFB22D740AE00D76B3E /* Project object */;
			proxyType = 1;
			remoteGlobalIDString = 2B701E0222D740AE00D76B3E;
			remoteInfo = Cat;
		};
		2B701E2322D740B000D76B3E /* PBXContainerItemProxy */ = {
			isa = PBXContainerItemProxy;
			containerPortal = 2B701DFB22D740AE00D76B3E /* Project object */;
			proxyType = 1;
			remoteGlobalIDString = 2B701E0222D740AE00D76B3E;
			remoteInfo = Cat;
		};
/* End PBXContainerItemProxy section */

/* Begin PBXFileReference section */
		2B701E0322D740AE00D76B3E /* Cat.app */ = {isa = PBXFileReference; explicitFileType = wrapper.application; includeInIndex = 0; path = Cat.app; sourceTree = BUILT_PRODUCTS_DIR; };
		2B701E0622D740AE00D76B3E /* AppDelegate.swift */ = {isa = PBXFileReference; lastKnownFileType = sourcecode.swift; path = AppDelegate.swift; sourceTree = "<group>"; };
		2B701E0822D740AE00D76B3E /* ViewController.swift */ = {isa = PBXFileReference; lastKnownFileType = sourcecode.swift; path = ViewController.swift; sourceTree = "<group>"; };
		2B701E0B22D740AE00D76B3E /* Base */ = {isa = PBXFileReference; lastKnownFileType = file.storyboard; name = Base; path = Base.lproj/Main.storyboard; sourceTree = "<group>"; };
		2B701E0D22D740B000D76B3E /* Assets.xcassets */ = {isa = PBXFileReference; lastKnownFileType = folder.assetcatalog; path = Assets.xcassets; sourceTree = "<group>"; };
		2B701E1022D740B000D76B3E /* Base */ = {isa = PBXFileReference; lastKnownFileType = file.storyboard; name = Base; path = Base.lproj/LaunchScreen.storyboard; sourceTree = "<group>"; };
		2B701E1222D740B000D76B3E /* Info.plist */ = {isa = PBXFileReference; lastKnownFileType = text.plist.xml; path = Info.plist; sourceTree = "<group>"; };
		2B701E1722D740B000D76B3E /* CatTests.xctest */ = {isa = PBXFileReference; explicitFileType = wrapper.cfbundle; includeInIndex = 0; path = CatTests.xctest; sourceTree = BUILT_PRODUCTS_DIR; };
		2B701E1B22D740B000D76B3E /* CatTests.swift */ = {isa = PBXFileReference; lastKnownFileType = sourcecode.swift; path = CatTests.swift; sourceTree = "<group>"; };
		2B701E1D22D740B000D76B3E /* Info.plist */ = {isa = PBXFileReference; lastKnownFileType = text.plist.xml; path = Info.plist; sourceTree = "<group>"; };
		2B701E2222D740B000D76B3E /* CatUITests.xctest */ = {isa = PBXFileReference; explicitFileType = wrapper.cfbundle; includeInIndex = 0; path = CatUITests.xctest; sourceTree = BUILT_PRODUCTS_DIR; };
		2B701E2622D740B000D76B3E /* CatUITests.swift */ = {isa = PBXFileReference; lastKnownFileType = sourcecode.swift; path = CatUITests.swift; sourceTree = "<group>"; };
		2B701E2822D740B000D76B3E /* Info.plist */ = {isa = PBXFileReference; lastKnownFileType = text.plist.xml; path = Info.plist; sourceTree = "<group>"; };
/* End PBXFileReference section */

/* Begin PBXFrameworksBuildPhase section */
		2B701E0022D740AE00D76B3E /* Frameworks */ = {
			isa = PBXFrameworksBuildPhase;
			buildActionMask = 2147483647;
			files = (
			);
			runOnlyForDeploymentPostprocessing = 0;
		};
		2B701E1422D740B000D76B3E /* Frameworks */ = {
			isa = PBXFrameworksBuildPhase;
			buildActionMask = 2147483647;
			files = (
			);
			runOnlyForDeploymentPostprocessing = 0;
		};
		2B701E1F22D740B000D76B3E /* Frameworks */ = {
			isa = PBXFrameworksBuildPhase;
			buildActionMask = 2147483647;
			files = (
			);
			runOnlyForDeploymentPostprocessing = 0;
		};
/* End PBXFrameworksBuildPhase section */

/* Begin PBXGroup section */
		2B701DFA22D740AE00D76B3E = {
			isa = PBXGroup;
			children = (
				2B701E0522D740AE00D76B3E /* Cat */,
				2B701E1A22D740B000D76B3E /* CatTests */,
				2B701E2522D740B000D76B3E /* CatUITests */,
				2B701E0422D740AE00D76B3E /* Products */,
			);
			sourceTree = "<group>";
		};
		2B701E0422D740AE00D76B3E /* Products */ = {
			isa = PBXGroup;
			children = (
				2B701E0322D740AE00D76B3E /* Cat.app */,
				2B701E1722D740B000D76B3E /* CatTests.xctest */,
				2B701E2222D740B000D76B3E /* CatUITests.xctest */,
			);
			name = Products;
			sourceTree = "<group>";
		};
		2B701E0522D740AE00D76B3E /* Cat */ = {
			isa = PBXGroup;
			children = (
				2B701E0622D740AE00D76B3E /* AppDelegate.swift */,
				2B701E0822D740AE00D76B3E /* ViewController.swift */,
				2B701E0A22D740AE00D76B3E /* Main.storyboard */,
				2B701E0D22D740B000D76B3E /* Assets.xcassets */,
				2B701E0F22D740B000D76B3E /* LaunchScreen.storyboard */,
				2B701E1222D740B000D76B3E /* Info.plist */,
			);
			path = Cat;
			sourceTree = "<group>";
		};
		2B701E1A22D740B000D76B3E /* CatTests */ = {
			isa = PBXGroup;
			children = (
				2B701E1B22D740B000D76B3E /* CatTests.swift */,
				2B701E1D22D740B000D76B3E /* Info.plist */,
			);
			path = CatTests;
			sourceTree = "<group>";
		};
		2B701E2522D740B000D76B3E /* CatUITests */ = {
			isa = PBXGroup;
			children = (
				2B701E2622D740B000D76B3E /* CatUITests.swift */,
				2B701E2822D740B000D76B3E /* Info.plist */,
			);
			path = CatUITests;
			sourceTree = "<group>";
		};
/* End PBXGroup section */

/* Begin PBXNativeTarget section */
		2B701E0222D740AE00D76B3E /* Cat */ = {
			isa = PBXNativeTarget;
			buildConfigurationList = 2B701E2B22D740B000D76B3E /* Build configuration list for PBXNativeTarget "Cat" */;
			buildPhases = (
				2B701DFF22D740AE00D76B3E /* Sources */,
				2B701E0022D740AE00D76B3E /* Frameworks */,
				2B701E0122D740AE00D76B3E /* Resources */,
			);
			buildRules = (
			);
			dependencies = (
			);
			name = Cat;
			productName = Cat;
			productReference = 2B701E0322D740AE00D76B3E /* Cat.app */;
			productType = "com.apple.product-type.application";
		};
		2B701E1622D740B000D76B3E /* CatTests */ = {
			isa = PBXNativeTarget;
			buildConfigurationList = 2B701E2E22D740B000D76B3E /* Build configuration list for PBXNativeTarget "CatTests" */;
			buildPhases = (
				2B701E1322D740B000D76B3E /* Sources */,
				2B701E1422D740B000D76B3E /* Frameworks */,
				2B701E1522D740B000D76B3E /* Resources */,
			);
			buildRules = (
			);
			dependencies = (
				2B701E1922D740B000D76B3E /* PBXTargetDependency */,
			);
			name = CatTests;
			productName = CatTests;
			productReference = 2B701E1722D740B000D76B3E /* CatTests.xctest */;
			productType = "com.apple.product-type.bundle.unit-test";
		};
		2B701E2122D740B000D76B3E /* CatUITests */ = {
			isa = PBXNativeTarget;
			buildConfigurationList = 2B701E3122D740B000D76B3E /* Build configuration list for PBXNativeTarget "CatUITests" */;
			buildPhases = (
				2B701E1E22D740B000D76B3E /* Sources */,
				2B701E1F22D740B000D76B3E /* Frameworks */,
				2B701E2022D740B000D76B3E /* Resources */,
			);
			buildRules = (
			);
			dependencies = (
				2B701E2422D740B000D76B3E /* PBXTargetDependency */,
			);
			name = CatUITests;
			productName = CatUITests;
			productReference = 2B701E2222D740B000D76B3E /* CatUITests.xctest */;
			productType = "com.apple.product-type.bundle.ui-testing";
		};
/* End PBXNativeTarget section */

/* Begin PBXProject section */
		2B701DFB22D740AE00D76B3E /* Project object */ = {
			isa = PBXProject;
			attributes = {
				LastSwiftUpdateCheck = 1010;
				LastUpgradeCheck = 1010;
				ORGANIZATIONNAME = "Solayman Rana";
				TargetAttributes = {
					2B701E0222D740AE00D76B3E = {
						CreatedOnToolsVersion = 10.1;
					};
					2B701E1622D740B000D76B3E = {
						CreatedOnToolsVersion = 10.1;
						TestTargetID = 2B701E0222D740AE00D76B3E;
					};
					2B701E2122D740B000D76B3E = {
						CreatedOnToolsVersion = 10.1;
						TestTargetID = 2B701E0222D740AE00D76B3E;
					};
				};
			};
			buildConfigurationList = 2B701DFE22D740AE00D76B3E /* Build configuration list for PBXProject "Cat" */;
			compatibilityVersion = "Xcode 9.3";
			developmentRegion = en;
			hasScannedForEncodings = 0;
			knownRegions = (
				en,
				Base,
			);
			mainGroup = 2B701DFA22D740AE00D76B3E;
			productRefGroup = 2B701E0422D740AE00D76B3E /* Products */;
			projectDirPath = "";
			projectRoot = "";
			targets = (
				2B701E0222D740AE00D76B3E /* Cat */,
				2B701E1622D740B000D76B3E /* CatTests */,
				2B701E2122D740B000D76B3E /* CatUITests */,
			);
		};
/* End PBXProject section */

/* Begin PBXResourcesBuildPhase section */
		2B701E0122D740AE00D76B3E /* Resources */ = {
			isa = PBXResourcesBuildPhase;
			buildActionMask = 2147483647;
			files = (
				2B701E1122D740B000D76B3E /* LaunchScreen.storyboard in Resources */,
				2B701E0E22D740B000D76B3E /* Assets.xcassets in Resources */,
				2B701E0C22D740AE00D76B3E /* Main.storyboard in Resources */,
			);
			runOnlyForDeploymentPostprocessing = 0;
		};
		2B701E1522D740B000D76B3E /* Resources */ = {
			isa = PBXResourcesBuildPhase;
			buildActionMask = 2147483647;
			files = (
			);
			runOnlyForDeploymentPostprocessing = 0;
		};
		2B701E2022D740B000D76B3E /* Resources */ = {
			isa = PBXResourcesBuildPhase;
			buildActionMask = 2147483647;
			files = (
			);
			runOnlyForDeploymentPostprocessing = 0;
		};
/* End PBXResourcesBuildPhase section */

/* Begin PBXSourcesBuildPhase section */
		2B701DFF22D740AE00D76B3E /* Sources */ = {
			isa = PBXSourcesBuildPhase;
			buildActionMask = 2147483647;
			files = (
				2B701E0922D740AE00D76B3E /* ViewController.swift in Sources */,
				2B701E0722D740AE00D76B3E /* AppDelegate.swift in Sources */,
			);
			runOnlyForDeploymentPostprocessing = 0;
		};
		2B701E1322D740B000D76B3E /* Sources */ = {
			isa = PBXSourcesBuildPhase;
			buildActionMask = 2147483647;
			files = (
				2B701E1C22D740B000D76B3E /* CatTests.swift in Sources */,
			);
			runOnlyForDeploymentPostprocessing = 0;
		};
		2B701E1E22D740B000D76B3E /* Sources */ = {
			isa = PBXSourcesBuildPhase;
			buildActionMask = 2147483647;
			files = (
				2B701E2722D740B000D76B3E /* CatUITests.swift in Sources */,
			);
			runOnlyForDeploymentPostprocessing = 0;
		};
/* End PBXSourcesBuildPhase section */

/* Begin PBXTargetDependency section */
		2B701E1922D740B000D76B3E /* PBXTargetDependency */ = {
			isa = PBXTargetDependency;
			target = 2B701E0222D740AE00D76B3E /* Cat */;
			targetProxy = 2B701E1822D740B000D76B3E /* PBXContainerItemProxy */;
		};
		2B701E2422D740B000D76B3E /* PBXTargetDependency */ = {
			isa = PBXTargetDependency;
			target = 2B701E0222D740AE00D76B3E /* Cat */;
			targetProxy = 2B701E2322D740B000D76B3E /* PBXContainerItemProxy */;
		};
/* End PBXTargetDependency section */

/* Begin PBXVariantGroup section */
		2B701E0A22D740AE00D76B3E /* Main.storyboard */ = {
			isa = PBXVariantGroup;
			children = (
				2B701E0B22D740AE00D76B3E /* Base */,
			);
			name = Main.storyboard;
			sourceTree = "<group>";
		};
		2B701E0F22D740B000D76B3E /* LaunchScreen.storyboard */ = {
			isa = PBXVariantGroup;
			children = (
				2B701E1022D740B000D76B3E /* Base */,
			);
			name = LaunchScreen.storyboard;
			sourceTree = "<group>";
		};
/* End PBXVariantGroup section */

/* Begin XCBuildConfiguration section */
		2B701E2922D740B000D76B3E /* Debug */ = {
			isa = XCBuildConfiguration;
			buildSettings = {
				ALWAYS_SEARCH_USER_PATHS = NO;
				CLANG_ANALYZER_NONNULL = YES;
				CLANG_ANALYZER_NUMBER_OBJECT_CONVERSION = YES_AGGRESSIVE;
				CLANG_CXX_LANGUAGE_STANDARD = "gnu++14";
				CLANG_CXX_LIBRARY = "libc++";
				CLANG_ENABLE_MODULES = YES;
				CLANG_ENABLE_OBJC_ARC = YES;
				CLANG_ENABLE_OBJC_WEAK = YES;
				CLANG_WARN_BLOCK_CAPTURE_AUTORELEASING = YES;
				CLANG_WARN_BOOL_CONVERSION = YES;
				CLANG_WARN_COMMA = YES;
				CLANG_WARN_CONSTANT_CONVERSION = YES;
				CLANG_WARN_DEPRECATED_OBJC_IMPLEMENTATIONS = YES;
				CLANG_WARN_DIRECT_OBJC_ISA_USAGE = YES_ERROR;
				CLANG_WARN_DOCUMENTATION_COMMENTS = YES;
				CLANG_WARN_EMPTY_BODY = YES;
				CLANG_WARN_ENUM_CONVERSION = YES;
				CLANG_WARN_INFINITE_RECURSION = YES;
				CLANG_WARN_INT_CONVERSION = YES;
				CLANG_WARN_NON_LITERAL_NULL_CONVERSION = YES;
				CLANG_WARN_OBJC_IMPLICIT_RETAIN_SELF = YES;
				CLANG_WARN_OBJC_LITERAL_CONVERSION = YES;
				CLANG_WARN_OBJC_ROOT_CLASS = YES_ERROR;
				CLANG_WARN_RANGE_LOOP_ANALYSIS = YES;
				CLANG_WARN_STRICT_PROTOTYPES = YES;
				CLANG_WARN_SUSPICIOUS_MOVE = YES;
				CLANG_WARN_UNGUARDED_AVAILABILITY = YES_AGGRESSIVE;
				CLANG_WARN_UNREACHABLE_CODE = YES;
				CLANG_WARN__DUPLICATE_METHOD_MATCH = YES;
				CODE_SIGN_IDENTITY = "iPhone Developer";
				COPY_PHASE_STRIP = NO;
				DEBUG_INFORMATION_FORMAT = dwarf;
				ENABLE_STRICT_OBJC_MSGSEND = YES;
				ENABLE_TESTABILITY = YES;
				GCC_C_LANGUAGE_STANDARD = gnu11;
				GCC_DYNAMIC_NO_PIC = NO;
				GCC_NO_COMMON_BLOCKS = YES;
				GCC_OPTIMIZATION_LEVEL = 0;
				GCC_PREPROCESSOR_DEFINITIONS = (
					"DEBUG=1",
					"$(inherited)",
				);
				GCC_WARN_64_TO_32_BIT_CONVERSION = YES;
				GCC_WARN_ABOUT_RETURN_TYPE = YES_ERROR;
				GCC_WARN_UNDECLARED_SELECTOR = YES;
				GCC_WARN_UNINITIALIZED_AUTOS = YES_AGGRESSIVE;
				GCC_WARN_UNUSED_FUNCTION = YES;
				GCC_WARN_UNUSED_VARIABLE = YES;
				IPHONEOS_DEPLOYMENT_TARGET = 12.1;
				MTL_ENABLE_DEBUG_INFO = INCLUDE_SOURCE;
				MTL_FAST_MATH = YES;
				ONLY_ACTIVE_ARCH = YES;
				SDKROOT = iphoneos;
				SWIFT_ACTIVE_COMPILATION_CONDITIONS = DEBUG;
				SWIFT_OPTIMIZATION_LEVEL = "-Onone";
			};
			name = Debug;
		};
		2B701E2A22D740B000D76B3E /* Release */ = {
			isa = XCBuildConfiguration;
			buildSettings = {
				ALWAYS_SEARCH_USER_PATHS = NO;
				CLANG_ANALYZER_NONNULL = YES;
				CLANG_ANALYZER_NUMBER_OBJECT_CONVERSION = YES_AGGRESSIVE;
				CLANG_CXX_LANGUAGE_STANDARD = "gnu++14";
				CLANG_CXX_LIBRARY = "libc++";
				CLANG_ENABLE_MODULES = YES;
				CLANG_ENABLE_OBJC_ARC = YES;
				CLANG_ENABLE_OBJC_WEAK = YES;
				CLANG_WARN_BLOCK_CAPTURE_AUTORELEASING = YES;
				CLANG_WARN_BOOL_CONVERSION = YES;
				CLANG_WARN_COMMA = YES;
				CLANG_WARN_CONSTANT_CONVERSION = YES;
				CLANG_WARN_DEPRECATED_OBJC_IMPLEMENTATIONS = YES;
				CLANG_WARN_DIRECT_OBJC_ISA_USAGE = YES_ERROR;
				CLANG_WARN_DOCUMENTATION_COMMENTS = YES;
				CLANG_WARN_EMPTY_BODY = YES;
				CLANG_WARN_ENUM_CONVERSION = YES;
				CLANG_WARN_INFINITE_RECURSION = YES;
				CLANG_WARN_INT_CONVERSION = YES;
				CLANG_WARN_NON_LITERAL_NULL_CONVERSION = YES;
				CLANG_WARN_OBJC_IMPLICIT_RETAIN_SELF = YES;
				CLANG_WARN_OBJC_LITERAL_CONVERSION = YES;
				CLANG_WARN_OBJC_ROOT_CLASS = YES_ERROR;
				CLANG_WARN_RANGE_LOOP_ANALYSIS = YES;
				CLANG_WARN_STRICT_PROTOTYPES = YES;
				CLANG_WARN_SUSPICIOUS_MOVE = YES;
				CLANG_WARN_UNGUARDED_AVAILABILITY = YES_AGGRESSIVE;
				CLANG_WARN_UNREACHABLE_CODE = YES;
				CLANG_WARN__DUPLICATE_METHOD_MATCH = YES;
				CODE_SIGN_IDENTITY = "iPhone Developer";
				COPY_PHASE_STRIP = NO;
				DEBUG_INFORMATION_FORMAT = "dwarf-with-dsym";
				ENABLE_NS_ASSERTIONS = NO;
				ENABLE_STRICT_OBJC_MSGSEND = YES;
				GCC_C_LANGUAGE_STANDARD = gnu11;
				GCC_NO_COMMON_BLOCKS = YES;
				GCC_WARN_64_TO_32_BIT_CONVERSION = YES;
				GCC_WARN_ABOUT_RETURN_TYPE = YES_ERROR;
				GCC_WARN_UNDECLARED_SELECTOR = YES;
				GCC_WARN_UNINITIALIZED_AUTOS = YES_AGGRESSIVE;
				GCC_WARN_UNUSED_FUNCTION = YES;
				GCC_WARN_UNUSED_VARIABLE = YES;
				IPHONEOS_DEPLOYMENT_TARGET = 12.1;
				MTL_ENABLE_DEBUG_INFO = NO;
				MTL_FAST_MATH = YES;
				SDKROOT = iphoneos;
				SWIFT_COMPILATION_MODE = wholemodule;
				SWIFT_OPTIMIZATION_LEVEL = "-O";
				VALIDATE_PRODUCT = YES;
			};
			name = Release;
		};
		2B701E2C22D740B000D76B3E /* Debug */ = {
			isa = XCBuildConfiguration;
			buildSettings = {
				ASSETCATALOG_COMPILER_APPICON_NAME = AppIcon;
				CODE_SIGN_STYLE = Automatic;
				INFOPLIST_FILE = Cat/Info.plist;
				LD_RUNPATH_SEARCH_PATHS = (
					"$(inherited)",
					"@executable_path/Frameworks",
				);
				PRODUCT_BUNDLE_IDENTIFIER = com.solaymanrana.Cat;
				PRODUCT_NAME = "$(TARGET_NAME)";
				SWIFT_VERSION = 4.2;
				TARGETED_DEVICE_FAMILY = "1,2";
			};
			name = Debug;
		};
		2B701E2D22D740B000D76B3E /* Release */ = {
			isa = XCBuildConfiguration;
			buildSettings = {
				ASSETCATALOG_COMPILER_APPICON_NAME = AppIcon;
				CODE_SIGN_STYLE = Automatic;
				INFOPLIST_FILE = Cat/Info.plist;
				LD_RUNPATH_SEARCH_PATHS = (
					"$(inherited)",
					"@executable_path/Frameworks",
				);
				PRODUCT_BUNDLE_IDENTIFIER = com.solaymanrana.Cat;
				PRODUCT_NAME = "$(TARGET_NAME)";
				SWIFT_VERSION = 4.2;
				TARGETED_DEVICE_FAMILY = "1,2";
			};
			name = Release;
		};
		2B701E2F22D740B000D76B3E /* Debug */ = {
			isa = XCBuildConfiguration;
			buildSettings = {
				ALWAYS_EMBED_SWIFT_STANDARD_LIBRARIES = YES;
				BUNDLE_LOADER = "$(TEST_HOST)";
				CODE_SIGN_STYLE = Automatic;
				INFOPLIST_FILE = CatTests/Info.plist;
				LD_RUNPATH_SEARCH_PATHS = (
					"$(inherited)",
					"@executable_path/Frameworks",
					"@loader_path/Frameworks",
				);
				PRODUCT_BUNDLE_IDENTIFIER = com.solaymanrana.CatTests;
				PRODUCT_NAME = "$(TARGET_NAME)";
				SWIFT_VERSION = 4.2;
				TARGETED_DEVICE_FAMILY = "1,2";
				TEST_HOST = "$(BUILT_PRODUCTS_DIR)/Cat.app/Cat";
			};
			name = Debug;
		};
		2B701E3022D740B000D76B3E /* Release */ = {
			isa = XCBuildConfiguration;
			buildSettings = {
				ALWAYS_EMBED_SWIFT_STANDARD_LIBRARIES = YES;
				BUNDLE_LOADER = "$(TEST_HOST)";
				CODE_SIGN_STYLE = Automatic;
				INFOPLIST_FILE = CatTests/Info.plist;
				LD_RUNPATH_SEARCH_PATHS = (
					"$(inherited)",
					"@executable_path/Frameworks",
					"@loader_path/Frameworks",
				);
				PRODUCT_BUNDLE_IDENTIFIER = com.solaymanrana.CatTests;
				PRODUCT_NAME = "$(TARGET_NAME)";
				SWIFT_VERSION = 4.2;
				TARGETED_DEVICE_FAMILY = "1,2";
				TEST_HOST = "$(BUILT_PRODUCTS_DIR)/Cat.app/Cat";
			};
			name = Release;
		};
		2B701E3222D740B000D76B3E /* Debug */ = {
			isa = XCBuildConfiguration;
			buildSettings = {
				ALWAYS_EMBED_SWIFT_STANDARD_LIBRARIES = YES;
				CODE_SIGN_STYLE = Automatic;
				INFOPLIST_FILE = CatUITests/Info.plist;
				LD_RUNPATH_SEARCH_PATHS = (
					"$(inherited)",
					"@executable_path/Frameworks",
					"@loader_path/Frameworks",
				);
				PRODUCT_BUNDLE_IDENTIFIER = com.solaymanrana.CatUITests;
				PRODUCT_NAME = "$(TARGET_NAME)";
				SWIFT_VERSION = 4.2;
				TARGETED_DEVICE_FAMILY = "1,2";
				TEST_TARGET_NAME = Cat;
			};
			name = Debug;
		};
		2B701E3322D740B000D76B3E /* Release */ = {
			isa = XCBuildConfiguration;
			buildSettings = {
				ALWAYS_EMBED_SWIFT_STANDARD_LIBRARIES = YES;
				CODE_SIGN_STYLE = Automatic;
				INFOPLIST_FILE = CatUITests/Info.plist;
				LD_RUNPATH_SEARCH_PATHS = (
					"$(inherited)",
					"@executable_path/Frameworks",
					"@loader_path/Frameworks",
				);
				PRODUCT_BUNDLE_IDENTIFIER = com.solaymanrana.CatUITests;
				PRODUCT_NAME = "$(TARGET_NAME)";
				SWIFT_VERSION = 4.2;
				TARGETED_DEVICE_FAMILY = "1,2";
				TEST_TARGET_NAME = Cat;
			};
			name = Release;
		};
/* End XCBuildConfiguration section */

/* Begin XCConfigurationList section */
		2B701DFE22D740AE00D76B3E /* Build configuration list for PBXProject "Cat" */ = {
			isa = XCConfigurationList;
			buildConfigurations = (
				2B701E2922D740B000D76B3E /* Debug */,
				2B701E2A22D740B000D76B3E /* Release */,
			);
			defaultConfigurationIsVisible = 0;
			defaultConfigurationName = Release;
		};
		2B701E2B22D740B000D76B3E /* Build configuration list for PBXNativeTarget "Cat" */ = {
			isa = XCConfigurationList;
			buildConfigurations = (
				2B701E2C22D740B000D76B3E /* Debug */,
				2B701E2D22D740B000D76B3E /* Release */,
			);
			defaultConfigurationIsVisible = 0;
			defaultConfigurationName = Release;
		};
		2B701E2E22D740B000D76B3E /* Build configuration list for PBXNativeTarget "CatTests" */ = {
			isa = XCConfigurationList;
			buildConfigurations = (
				2B701E2F22D740B000D76B3E /* Debug */,
				2B701E3022D740B000D76B3E /* Release */,
			);
			defaultConfigurationIsVisible = 0;
			defaultConfigurationName = Release;
		};
		2B701E3122D740B000D76B3E /* Build configuration list for PBXNativeTarget "CatUITests" */ = {
			isa = XCConfigurationList;
			buildConfigurations = (
				2B701E3222D740B000D76B3E /* Debug */,
				2B701E3322D740B000D76B3E /* Release */,
			);
			defaultConfigurationIsVisible = 0;
			defaultConfigurationName = Release;
		};
/* End XCConfigurationList section */
	};
	rootObject = 2B701DFB22D740AE00D76B3E /* Project object */;
}
